lockfile_version: '1'
generated_at: '2026-04-27T13:58:06.737227+00:00'
apm_version: 0.10.0
dependencies: []
mcp_servers:
- atlassian
- playwright
- sippy-dev
mcp_configs:
  atlassian:
    name: atlassian
    transport: http
    registry: false
    url: https://mcp.atlassian.com/v1/mcp
  playwright:
    name: playwright
    transport: stdio
    args:
    - -c
    - npx @playwright/mcp@latest --viewport-size 1440,900 ${CHROME_PATH:+--executable-path
      "$CHROME_PATH"}
    registry: false
    command: sh
  sippy-dev:
    name: sippy-dev
    transport: stdio
    args: []
    registry: false
    command: mcp/run.sh
local_deployed_files:
- .claude/commands/sippy-dev-app.md
- .claude/commands/sippy-dev-frontend.md
- .claude/commands/sippy-dev-migrate.md
- .claude/commands/sippy-dev-regression-cache.md
- .claude/commands/sippy-dev-serve.md
- .claude/commands/sippy-dev-setup.md
- .claude/commands/sippy-dev-tests.md
- .claude/commands/sippy-generate-release-views.md
- .claude/commands/sippy-update-ga-release-views.md
- .claude/commands/sippy-update-job-variant.md
- .claude/rules/backend.md
- .claude/rules/config.md
- .claude/rules/dev-commands.md
- .claude/rules/frontend.md
- .claude/rules/general.md
- .claude/rules/mcp.md
- .claude/rules/testing.md
- .cursor/commands/sippy-dev-app.md
- .cursor/commands/sippy-dev-frontend.md
- .cursor/commands/sippy-dev-migrate.md
- .cursor/commands/sippy-dev-regression-cache.md
- .cursor/commands/sippy-dev-restore-prodlike.md
- .cursor/commands/sippy-dev-serve.md
- .cursor/commands/sippy-dev-setup.md
- .cursor/commands/sippy-dev-tests.md
- .cursor/commands/sippy-generate-release-views.md
- .cursor/commands/sippy-update-ga-release-views.md
- .cursor/commands/sippy-update-job-variant.md
- .cursor/rules/backend.mdc
- .cursor/rules/config.mdc
- .cursor/rules/dev-commands.mdc
- .cursor/rules/frontend.mdc
- .cursor/rules/general.mdc
- .cursor/rules/mcp.mdc
- .cursor/rules/testing.mdc
- .gemini/commands/sippy-dev-app.toml
- .gemini/commands/sippy-dev-frontend.toml
- .gemini/commands/sippy-dev-migrate.toml
- .gemini/commands/sippy-dev-regression-cache.toml
- .gemini/commands/sippy-dev-serve.toml
- .gemini/commands/sippy-dev-setup.toml
- .gemini/commands/sippy-dev-tests.toml
- .gemini/commands/sippy-generate-release-views.toml
- .gemini/commands/sippy-update-ga-release-views.toml
- .gemini/commands/sippy-update-job-variant.toml
- .opencode/commands/sippy-dev-app.md
- .opencode/commands/sippy-dev-frontend.md
- .opencode/commands/sippy-dev-migrate.md
- .opencode/commands/sippy-dev-regression-cache.md
- .opencode/commands/sippy-dev-serve.md
- .opencode/commands/sippy-dev-setup.md
- .opencode/commands/sippy-dev-tests.md
- .opencode/commands/sippy-generate-release-views.md
- .opencode/commands/sippy-update-ga-release-views.md
- .opencode/commands/sippy-update-job-variant.md
local_deployed_file_hashes:
  .claude/commands/sippy-dev-app.md: sha256:656276ed961940c137dde32ecdb0501427d4d811502a27125ba073adc770d266
  .claude/commands/sippy-dev-frontend.md: sha256:42eae4b3bc610c9fcb43533a6fed229a6d1c409d279f3d6f93672986ede62e3a
  .claude/commands/sippy-dev-migrate.md: sha256:80160e88e0cc0fc09ab3dd9cc6fc496fe87dd8873800eb65d700868034d59da2
  .claude/commands/sippy-dev-regression-cache.md: sha256:683448f4a553c4511c909fc2711b13edb7ee27d0c437aa9e7689bc9ba6fc0b6a
  .claude/commands/sippy-dev-serve.md: sha256:24d61d9b5d3d6b2fdcfbf8fb8e97da3b633293adb31e6df061d61170de826f35
  .claude/commands/sippy-dev-setup.md: sha256:68a019dbf60081e3b4e0c751413f96406c29c13912bb55c3492b48c913f7f74f
  .claude/commands/sippy-dev-tests.md: sha256:d76061fc3ee9478207d120436c016b3651c19c4f3f5fcb61a630462a9d9e5622
  .claude/commands/sippy-generate-release-views.md: sha256:eb4c9eeeea2ab2a90e8a8839147d8a1a309ea6ce3dafd397c6d2485c93068a9a
  .claude/commands/sippy-update-ga-release-views.md: sha256:4a5589bacc05127e427a2de4d34a8f13e05e297bdf6ebf7473c9e71f47a6b4f4
  .claude/commands/sippy-update-job-variant.md: sha256:f88742dddeec5024931959a8330fdce362ffdd9b8825e808830ac346605cbd16
  .claude/rules/backend.md: sha256:ac3d618bf53dc847f52e0e13f6a3675301722259d9fbf12b4a40a191b880d05a
  .claude/rules/config.md: sha256:96c5e42c039230f1e4e7f9ba56d04e6f76f23deeecdd858634c440d6029a6a83
  .claude/rules/dev-commands.md: sha256:6cf69e34081227a00333b69d393c8da23e2d7d8fad2213df7f24b3f416288c9c
  .claude/rules/frontend.md: sha256:ff22046c5b951769218bbdf36499e67c70896811b8ef161ca6d3729a3423997d
  .claude/rules/general.md: sha256:997f68e86cb43485ec5f108be3417f9bbb43ae1faffd660d598f18260f5df3ce
  .claude/rules/mcp.md: sha256:ddfe965e7cf8cddbba1374c6ae582a20ac0af17c958bf10e1a4edff6ff2ad0b8
  .claude/rules/testing.md: sha256:a28be642547f1093d2f39d3a29e114dc11b480a1e130b3dfd4a19cd8ffe348de
  .cursor/commands/sippy-dev-app.md: sha256:656276ed961940c137dde32ecdb0501427d4d811502a27125ba073adc770d266
  .cursor/commands/sippy-dev-frontend.md: sha256:42eae4b3bc610c9fcb43533a6fed229a6d1c409d279f3d6f93672986ede62e3a
  .cursor/commands/sippy-dev-migrate.md: sha256:80160e88e0cc0fc09ab3dd9cc6fc496fe87dd8873800eb65d700868034d59da2
  .cursor/commands/sippy-dev-regression-cache.md: sha256:683448f4a553c4511c909fc2711b13edb7ee27d0c437aa9e7689bc9ba6fc0b6a
  .cursor/commands/sippy-dev-restore-prodlike.md: sha256:868d480aa0f338acdd766332dd37b5ba07cbbb4b79bb2a078c9d8f0eb7c714a4
  .cursor/commands/sippy-dev-serve.md: sha256:24d61d9b5d3d6b2fdcfbf8fb8e97da3b633293adb31e6df061d61170de826f35
  .cursor/commands/sippy-dev-setup.md: sha256:68a019dbf60081e3b4e0c751413f96406c29c13912bb55c3492b48c913f7f74f
  .cursor/commands/sippy-dev-tests.md: sha256:d76061fc3ee9478207d120436c016b3651c19c4f3f5fcb61a630462a9d9e5622
  .cursor/commands/sippy-generate-release-views.md: sha256:eb4c9eeeea2ab2a90e8a8839147d8a1a309ea6ce3dafd397c6d2485c93068a9a
  .cursor/commands/sippy-update-ga-release-views.md: sha256:4a5589bacc05127e427a2de4d34a8f13e05e297bdf6ebf7473c9e71f47a6b4f4
  .cursor/commands/sippy-update-job-variant.md: sha256:f88742dddeec5024931959a8330fdce362ffdd9b8825e808830ac346605cbd16
  .cursor/rules/backend.mdc: sha256:8930c2071ddd02fe3c7597b77bffa726c45ffedd66ec587d86adb23fb6814e38
  .cursor/rules/config.mdc: sha256:d6e2195399bbb26a3fef7e54bd01862ffce39d89dce8aabdb0b89c89028192eb
  .cursor/rules/dev-commands.mdc: sha256:870823579e6d7772bfea0e538869596c3111bb12febbc24bf44678be587d092a
  .cursor/rules/frontend.mdc: sha256:497f39372724f1ae127181fe3dac9ea9a95a51c532b68ccfee6080832cf9c556
  .cursor/rules/general.mdc: sha256:5bc6e1e12d53d85656248c9dc1239c74bcc0df29d5987f3b08e3d79e3df413b7
  .cursor/rules/mcp.mdc: sha256:c02472afd46e4c89f71d4487dcd5da98b0c1bcbcf7f9cbc4d7ed4e7d3a206ec1
  .cursor/rules/testing.mdc: sha256:5192be9724566f57a7423dbb65780b54d99b79d3f11e99d2225257e705f99a96
  .gemini/commands/sippy-dev-app.toml: sha256:fc28174eeab4e440694a823bd838d429241997a018d8a13f32e0f67ca4d973c5
  .gemini/commands/sippy-dev-frontend.toml: sha256:ec4ab5e1fb7581f09473e33b3ed4f53ce40509f23aac581e3b100ad1f59de5e5
  .gemini/commands/sippy-dev-migrate.toml: sha256:25c98ba4bfdb95270dfcb4238ae688f9a66f0e645d8a4a6c5e03b1cf8db5cb7e
  .gemini/commands/sippy-dev-regression-cache.toml: sha256:e00021f336c5d35c8d23d87c230530145734ab68ac183fb2a462dd375bcde2ff
  .gemini/commands/sippy-dev-serve.toml: sha256:3584c3e96e633685e906198095457fada19e95b4e611ed12e1c6f846ca4ce5d4
  .gemini/commands/sippy-dev-setup.toml: sha256:b76f21c8dc144e8ddab8d47e58ee80cfb8bf53116e16b53ecf0c6d1ab3974387
  .gemini/commands/sippy-dev-tests.toml: sha256:be46cf9c4ce1857a82c1f911c838b05c430a0be5c2d21128b88d5c1bb3a4832c
  .gemini/commands/sippy-generate-release-views.toml: sha256:9173d7507f469eda21a19f7e5ec47bce0c6ce87a73c1f5c10594a89417332927
  .gemini/commands/sippy-update-ga-release-views.toml: sha256:662ac8d503d883cf6142c801b79e46616afb3d806e1d936e952d918b257ddf73
  .gemini/commands/sippy-update-job-variant.toml: sha256:3b044dfaddeafa1a6d375918d5860785f8d315b593c355bbb7293a87c50361b8
  .opencode/commands/sippy-dev-app.md: sha256:656276ed961940c137dde32ecdb0501427d4d811502a27125ba073adc770d266
  .opencode/commands/sippy-dev-frontend.md: sha256:42eae4b3bc610c9fcb43533a6fed229a6d1c409d279f3d6f93672986ede62e3a
  .opencode/commands/sippy-dev-migrate.md: sha256:80160e88e0cc0fc09ab3dd9cc6fc496fe87dd8873800eb65d700868034d59da2
  .opencode/commands/sippy-dev-regression-cache.md: sha256:683448f4a553c4511c909fc2711b13edb7ee27d0c437aa9e7689bc9ba6fc0b6a
  .opencode/commands/sippy-dev-serve.md: sha256:24d61d9b5d3d6b2fdcfbf8fb8e97da3b633293adb31e6df061d61170de826f35
  .opencode/commands/sippy-dev-setup.md: sha256:68a019dbf60081e3b4e0c751413f96406c29c13912bb55c3492b48c913f7f74f
  .opencode/commands/sippy-dev-tests.md: sha256:d76061fc3ee9478207d120436c016b3651c19c4f3f5fcb61a630462a9d9e5622
  .opencode/commands/sippy-generate-release-views.md: sha256:eb4c9eeeea2ab2a90e8a8839147d8a1a309ea6ce3dafd397c6d2485c93068a9a
  .opencode/commands/sippy-update-ga-release-views.md: sha256:4a5589bacc05127e427a2de4d34a8f13e05e297bdf6ebf7473c9e71f47a6b4f4
  .opencode/commands/sippy-update-job-variant.md: sha256:f88742dddeec5024931959a8330fdce362ffdd9b8825e808830ac346605cbd16
