lockfile_version: '1'
generated_at: '2026-04-27T13:58:06.737227+00:00'
apm_version: 0.10.0
dependencies: []
local_deployed_files:
- .claude/commands/sippy-dev-app.md
- .claude/commands/sippy-dev-frontend.md
- .claude/commands/sippy-dev-migrate.md
- .claude/commands/sippy-dev-regression-cache.md
- .claude/commands/sippy-dev-serve.md
- .claude/commands/sippy-dev-setup.md
- .claude/commands/sippy-dev-tests.md
- .claude/commands/sippy-generate-release-views.md
- .claude/commands/sippy-update-ga-release-views.md
- .claude/commands/sippy-update-job-variant.md
- .claude/rules/backend.md
- .claude/rules/dev-commands.md
- .claude/rules/frontend.md
- .claude/rules/general.md
- .claude/rules/mcp.md
- .claude/rules/testing.md
- .cursor/rules/backend.mdc
- .cursor/rules/dev-commands.mdc
- .cursor/rules/frontend.mdc
- .cursor/rules/general.mdc
- .cursor/rules/mcp.mdc
- .cursor/rules/testing.mdc
- .gemini/commands/sippy-dev-app.toml
- .gemini/commands/sippy-dev-frontend.toml
- .gemini/commands/sippy-dev-migrate.toml
- .gemini/commands/sippy-dev-regression-cache.toml
- .gemini/commands/sippy-dev-serve.toml
- .gemini/commands/sippy-dev-setup.toml
- .gemini/commands/sippy-dev-tests.toml
- .gemini/commands/sippy-generate-release-views.toml
- .gemini/commands/sippy-update-ga-release-views.toml
- .gemini/commands/sippy-update-job-variant.toml
- .opencode/commands/sippy-dev-app.md
- .opencode/commands/sippy-dev-frontend.md
- .opencode/commands/sippy-dev-migrate.md
- .opencode/commands/sippy-dev-regression-cache.md
- .opencode/commands/sippy-dev-serve.md
- .opencode/commands/sippy-dev-setup.md
- .opencode/commands/sippy-dev-tests.md
- .opencode/commands/sippy-generate-release-views.md
- .opencode/commands/sippy-update-ga-release-views.md
- .opencode/commands/sippy-update-job-variant.md
local_deployed_file_hashes:
  .claude/commands/sippy-dev-app.md: sha256:44a111c7cbd34d2480658b39f9b01a18cb80e0f50b4a652cae4c255d123595a4
  .claude/commands/sippy-dev-frontend.md: sha256:42eae4b3bc610c9fcb43533a6fed229a6d1c409d279f3d6f93672986ede62e3a
  .claude/commands/sippy-dev-migrate.md: sha256:5704945283027398bbe4a54eb4d97295059bd64a47e86e97a58665338ec62c8b
  .claude/commands/sippy-dev-regression-cache.md: sha256:4e9fc3ed63927c84c30554929768a3b0e760264925f55c9dbbdafabf2361bee2
  .claude/commands/sippy-dev-serve.md: sha256:89a89448d948c68304471f7d872e8cb3395b83895f5d0a051f57a07252f50c34
  .claude/commands/sippy-dev-setup.md: sha256:276c708371bebcdbe8602df22ca482e59c2eab0bbc7ecacf1b49acd0a99d966f
  .claude/commands/sippy-dev-tests.md: sha256:26dfc22708d0e3bd4879640b4b9f090fc0b3fcaa21957ca0e4a52305bc9cb593
  .claude/commands/sippy-generate-release-views.md: sha256:e8a283e43f84777e6da34c10f1b18de2c41baa4525a7e40317bddd0c61b75553
  .claude/commands/sippy-update-ga-release-views.md: sha256:c7adb0f649455fa7c12c94454220fc87f182d49b820a2683ca733401cbfeb9b0
  .claude/commands/sippy-update-job-variant.md: sha256:ef00ec3a3b01556b33243d3e17ab1ace23879a8ef10dfd2e501a0fda2291fb97
  .claude/rules/backend.md: sha256:c57f9ef479340d977f06266779cacc8cd0a67cf045a58d30757a0c494354081a
  .claude/rules/dev-commands.md: sha256:4508eaad3d835305b68106ed5b270ced97c93e4a42ee94d1bcac5ea7b056bc5d
  .claude/rules/frontend.md: sha256:ff22046c5b951769218bbdf36499e67c70896811b8ef161ca6d3729a3423997d
  .claude/rules/general.md: sha256:9238d053e2d6a1703728c2bb165de93658b47c3152dfac16169ff9db9c6f716c
  .claude/rules/mcp.md: sha256:73735078b3b1a8597b91b49821ba05cdb338144ea00c1eea9e9f4de38d0241a3
  .claude/rules/testing.md: sha256:5ec0247269852c3a910440b202d4ff14f9c9c4eb34d8d21fa01f3a6c89d2890d
  .cursor/rules/backend.mdc: sha256:fb466b896d76ea1730c23d6c3fc783adf2cd5502c1cbb36e5b3d30c01531e4c1
  .cursor/rules/dev-commands.mdc: sha256:c69ca93db9b6c68f9aeb6567289dc5baef805520e8636a1e3e848793f67450e6
  .cursor/rules/frontend.mdc: sha256:497f39372724f1ae127181fe3dac9ea9a95a51c532b68ccfee6080832cf9c556
  .cursor/rules/general.mdc: sha256:671e94d8251783ecfb70d16e6e8d60dc42752ecfbe90919006b908b8a751595d
  .cursor/rules/mcp.mdc: sha256:268557cc3bdd9c8f7401f9ea80ac342ff2688f1d563b10880177ca586d7d30bb
  .cursor/rules/testing.mdc: sha256:033192d8075d6f2aa261f4d004d207050c4a94ef7e7f2b26bd4044560755a219
  .gemini/commands/sippy-dev-app.toml: sha256:afc6fe75647832aa571c63d8229d151820c54535cdb695b96f8400c1d7b3bd16
  .gemini/commands/sippy-dev-frontend.toml: sha256:ec4ab5e1fb7581f09473e33b3ed4f53ce40509f23aac581e3b100ad1f59de5e5
  .gemini/commands/sippy-dev-migrate.toml: sha256:e699558eb27c294327a092bfcd3e76b576087ad29d9a3a9b000cfd9e7c6b4774
  .gemini/commands/sippy-dev-regression-cache.toml: sha256:cd2c9017e5e976750839c712b42d10046d1d04fabaa749ffda6fd1abaf776d7a
  .gemini/commands/sippy-dev-serve.toml: sha256:adff646a493861ca4bb5246fb32b6eb69dc77829d05b74b8e7c241cb08dff808
  .gemini/commands/sippy-dev-setup.toml: sha256:bb56074029f5a73075f7d8b5e971ad2621d0517ea29a90bbb1e11f989bd6295c
  .gemini/commands/sippy-dev-tests.toml: sha256:0b5f406eac7adca8ee4db287973368b9dea048f89f0fdf86e3fc9730646c8d47
  .gemini/commands/sippy-generate-release-views.toml: sha256:4759f4547c05631d2e83a5859172421ea3d6ec794dd887756a90bbe0fd2732c1
  .gemini/commands/sippy-update-ga-release-views.toml: sha256:71a60dfe068bdc59645b8d0069c93c65f2df30c5172da3389df2a80d86410ae9
  .gemini/commands/sippy-update-job-variant.toml: sha256:71c9c7548a1a4b829e970d76504ef981ea05fecf8052cdb86859d96ad52cb2b2
  .opencode/commands/sippy-dev-app.md: sha256:44a111c7cbd34d2480658b39f9b01a18cb80e0f50b4a652cae4c255d123595a4
  .opencode/commands/sippy-dev-frontend.md: sha256:42eae4b3bc610c9fcb43533a6fed229a6d1c409d279f3d6f93672986ede62e3a
  .opencode/commands/sippy-dev-migrate.md: sha256:5704945283027398bbe4a54eb4d97295059bd64a47e86e97a58665338ec62c8b
  .opencode/commands/sippy-dev-regression-cache.md: sha256:4e9fc3ed63927c84c30554929768a3b0e760264925f55c9dbbdafabf2361bee2
  .opencode/commands/sippy-dev-serve.md: sha256:89a89448d948c68304471f7d872e8cb3395b83895f5d0a051f57a07252f50c34
  .opencode/commands/sippy-dev-setup.md: sha256:276c708371bebcdbe8602df22ca482e59c2eab0bbc7ecacf1b49acd0a99d966f
  .opencode/commands/sippy-dev-tests.md: sha256:26dfc22708d0e3bd4879640b4b9f090fc0b3fcaa21957ca0e4a52305bc9cb593
  .opencode/commands/sippy-generate-release-views.md: sha256:e8a283e43f84777e6da34c10f1b18de2c41baa4525a7e40317bddd0c61b75553
  .opencode/commands/sippy-update-ga-release-views.md: sha256:c7adb0f649455fa7c12c94454220fc87f182d49b820a2683ca733401cbfeb9b0
  .opencode/commands/sippy-update-job-variant.md: sha256:ef00ec3a3b01556b33243d3e17ab1ace23879a8ef10dfd2e501a0fda2291fb97
